
Microsoft Visual Studio Solution File, Format Version 12.00
# Visual Studio Version 17
VisualStudioVersion = 17.4.33213.308
MinimumVisualStudioVersion = 10.0.40219.1
Project("{FAE04EC0-301F-11D3-BF4B-00C04F79EFBC}") = "Hostel Management System", "Hostel Management System\Hostel Management System.csproj", "{927CD1F3-3925-439A-8D1B-4187109A53F0}"
EndProject
Global
	GlobalSection(SolutionConfigurationPlatforms) = preSolution
		Debug|Any CPU = Debug|Any CPU
		Release|Any CPU = Release|Any CPU
	EndGlobalSection
	GlobalSection(ProjectConfigurationPlatforms) = postSolution
		{927CD1F3-3925-439A-8D1B-4187109A53F0}.Debug|Any CPU.ActiveCfg = Debug|Any CPU
		{927CD1F3-3925-439A-8D1B-4187109A53F0}.Debug|Any CPU.Build.0 = Debug|Any CPU
		{927CD1F3-3925-439A-8D1B-4187109A53F0}.Release|Any CPU.ActiveCfg = Release|Any CPU
		{927CD1F3-3925-439A-8D1B-4187109A53F0}.Release|Any CPU.Build.0 = Release|Any CPU
	EndGlobalSection
	GlobalSection(SolutionProperties) = preSolution
		HideSolutionNode = FALSE
	EndGlobalSection
	GlobalSection(ExtensibilityGlobals) = postSolution
		SolutionGuid = {4399F8DF-E076-442B-8CEA-102B6F530454}
	EndGlobalSection
EndGlobal
